
Microsoft Visual Studio Solution File, Format Version 12.00
# Visual Studio 2012
Project("{FAE04EC0-301F-11D3-BF4B-00C04F79EFBC}") = "GUI_V_2", "GUI_V_2\GUI_V_2.csproj", "{F49E04CD-5889-490E-8C61-1BE3798F4650}"
EndProject
Global
	GlobalSection(SolutionConfigurationPlatforms) = preSolution
		Debug|Any CPU = Debug|Any CPU
		Release|Any CPU = Release|Any CPU
	EndGlobalSection
	GlobalSection(ProjectConfigurationPlatforms) = postSolution
		{F49E04CD-5889-490E-8C61-1BE3798F4650}.Debug|Any CPU.ActiveCfg = Debug|Any CPU
		{F49E04CD-5889-490E-8C61-1BE3798F4650}.Debug|Any CPU.Build.0 = Debug|Any CPU
		{F49E04CD-5889-490E-8C61-1BE3798F4650}.Release|Any CPU.ActiveCfg = Release|Any CPU
		{F49E04CD-5889-490E-8C61-1BE3798F4650}.Release|Any CPU.Build.0 = Release|Any CPU
	EndGlobalSection
	GlobalSection(SolutionProperties) = preSolution
		HideSolutionNode = FALSE
	EndGlobalSection
EndGlobal
